github.com/PuerkitoBio/goquery v1.10.0 h1:6fiXdLuUvYs2OJSvNRqlNPoBm6YABE226xrbavY5Wv4=
github.com/PuerkitoBio/goquery v1.10.0/go.mod h1:TjZZl68Q3eGHNBA8CWaxAN7rOU1EbDz3CWuolcO5Yu4=
go.uber.org/zap v1.27.0 h1:aJMhYGrd5QSmlpLMr2MftRKl7t8J8PTZPA732ud/XR8=
go.uber.org/zap v1.27.0/go.mod h1:GB2qFLM7cTU87MWRP2mPIjqfIDnGu+VIO4V/SdhGo2E=
golang.org/x/net v0.29.0 h1:5ORfpBpCs4HzDYoodCDBbwHzdR5UrLBZ3sOnUJmFoHo=
golang.org/x/net v0.29.0/go.mod h1:gLkgy8jTGERgjzMic6DS9+SP0ajcu6Xu3Orq/SpETg0=
google.golang.org/grpc v1.67.0 h1:IdH9y6PF5MPSdAntIcpjQ+tXO41pcQsfZV2RxtQgVcw=
google.golang.org/grpc v1.67.0/go.mod h1:1gLDyUQU7CTLJI90u3nXZ9ekeghjeM7pTDZlqFNg2AA=
google.golang.org/protobuf v1.34.2 h1:6xV6lTsCfpGD21XK49h7MhtcApnLqkfYgPcdHftf6hg=
google.golang.org/protobuf v1.34.2/go.mod h1:qYOHts0dSfpeUzUFpOMr/WGzszTmLH+DiWniOlNbLDw=
